
Microsoft Visual Studio Solution File, Format Version 12.00
# Visual Studio Version 17
VisualStudioVersion = 17.0.31903.59
MinimumVisualStudioVersion = 10.0.40219.1
Project("{9A19103F-16F7-4668-BE54-9A1E7A4F7556}") = "ExtratoClubeAPI", "ExtratoClubeAPI\ExtratoClubeAPI.csproj", "{7A37951B-2BCB-4C36-BF91-D54B268C776A}"
EndProject
Project("{9A19103F-16F7-4668-BE54-9A1E7A4F7556}") = "ExtratoClubeWeb", "ExtratoClubeWeb\ExtratoClubeWeb.csproj", "{B104EEE8-F7E4-43DE-9971-CC17ABFBF341}"
EndProject
Global
	GlobalSection(SolutionConfigurationPlatforms) = preSolution
		Debug|Any CPU = Debug|Any CPU
		Release|Any CPU = Release|Any CPU
	EndGlobalSection
	GlobalSection(ProjectConfigurationPlatforms) = postSolution
		{7A37951B-2BCB-4C36-BF91-D54B268C776A}.Debug|Any CPU.ActiveCfg = Debug|Any CPU
		{7A37951B-2BCB-4C36-BF91-D54B268C776A}.Debug|Any CPU.Build.0 = Debug|Any CPU
		{7A37951B-2BCB-4C36-BF91-D54B268C776A}.Release|Any CPU.ActiveCfg = Release|Any CPU
		{7A37951B-2BCB-4C36-BF91-D54B268C776A}.Release|Any CPU.Build.0 = Release|Any CPU
		{B104EEE8-F7E4-43DE-9971-CC17ABFBF341}.Debug|Any CPU.ActiveCfg = Debug|Any CPU
		{B104EEE8-F7E4-43DE-9971-CC17ABFBF341}.Debug|Any CPU.Build.0 = Debug|Any CPU
		{B104EEE8-F7E4-43DE-9971-CC17ABFBF341}.Release|Any CPU.ActiveCfg = Release|Any CPU
		{B104EEE8-F7E4-43DE-9971-CC17ABFBF341}.Release|Any CPU.Build.0 = Release|Any CPU
	EndGlobalSection
	GlobalSection(SolutionProperties) = preSolution
		HideSolutionNode = FALSE
	EndGlobalSection
EndGlobal
